
Microsoft Visual Studio Solution File, Format Version 12.00
# Visual Studio Version 17
VisualStudioVersion = 17.4.33103.184
MinimumVisualStudioVersion = 10.0.40219.1
Project("{9A19103F-16F7-4668-BE54-9A1E7A4F7556}") = "Ornek1", "Ornek1\Ornek1.csproj", "{C7B78102-5241-4EA2-8DB0-46A16704007F}"
EndProject
Project("{9A19103F-16F7-4668-BE54-9A1E7A4F7556}") = "Ornek2", "Ornek2\Ornek2.csproj", "{C2E44446-2432-43DE-9039-93DD70DA50FE}"
EndProject
Project("{9A19103F-16F7-4668-BE54-9A1E7A4F7556}") = "Ornek3", "Ornek3\Ornek3.csproj", "{0D7916FD-88BF-42CA-85C2-B1641D07DA91}"
EndProject
Project("{9A19103F-16F7-4668-BE54-9A1E7A4F7556}") = "Ornek4", "Ornek4\Ornek4.csproj", "{72788059-378B-4CDA-B048-02667A6A8F2B}"
EndProject
Project("{9A19103F-16F7-4668-BE54-9A1E7A4F7556}") = "ObjectOrientedSample", "ObjetOrientedSample\ObjectOrientedSample.csproj", "{7495B30A-57A6-4D0C-8EA1-01A08FAD5745}"
EndProject
Project("{9A19103F-16F7-4668-BE54-9A1E7A4F7556}") = "MiniAbstract", "MiniOrnekler\MiniAbstract.csproj", "{F9E85E18-E00B-41A0-A6B8-5A61ABF84CFF}"
EndProject
Project("{9A19103F-16F7-4668-BE54-9A1E7A4F7556}") = "NumberSample", "NumberSample\NumberSample.csproj", "{440C0B36-50F6-4EBD-A3C5-5BCC93455536}"
EndProject
Project("{9A19103F-16F7-4668-BE54-9A1E7A4F7556}") = "RequiredMembers", "RequiredMembers\RequiredMembers.csproj", "{4F4BF54E-A824-4FAD-85CD-2CB1DDEF8AA8}"
EndProject
Project("{9A19103F-16F7-4668-BE54-9A1E7A4F7556}") = "InheritImplement", "InheritImplement\InheritImplement.csproj", "{91D0B372-D681-4A2F-9F89-1F3F5478F227}"
EndProject
Project("{9A19103F-16F7-4668-BE54-9A1E7A4F7556}") = "GlobalUsing", "GlobalUsing\GlobalUsing.csproj", "{A16B6220-816E-46A5-9160-9598303A8E82}"
EndProject
Project("{FAE04EC0-301F-11D3-BF4B-00C04F79EFBC}") = "ClassAndProperty", "ClassAndProperty\ClassAndProperty.csproj", "{605F92BE-759E-4091-A3E8-E616EE189312}"
EndProject
Global
	GlobalSection(SolutionConfigurationPlatforms) = preSolution
		Debug|Any CPU = Debug|Any CPU
		Release|Any CPU = Release|Any CPU
	EndGlobalSection
	GlobalSection(ProjectConfigurationPlatforms) = postSolution
		{C7B78102-5241-4EA2-8DB0-46A16704007F}.Debug|Any CPU.ActiveCfg = Debug|Any CPU
		{C7B78102-5241-4EA2-8DB0-46A16704007F}.Debug|Any CPU.Build.0 = Debug|Any CPU
		{C7B78102-5241-4EA2-8DB0-46A16704007F}.Release|Any CPU.ActiveCfg = Release|Any CPU
		{C7B78102-5241-4EA2-8DB0-46A16704007F}.Release|Any CPU.Build.0 = Release|Any CPU
		{C2E44446-2432-43DE-9039-93DD70DA50FE}.Debug|Any CPU.ActiveCfg = Debug|Any CPU
		{C2E44446-2432-43DE-9039-93DD70DA50FE}.Debug|Any CPU.Build.0 = Debug|Any CPU
		{C2E44446-2432-43DE-9039-93DD70DA50FE}.Release|Any CPU.ActiveCfg = Release|Any CPU
		{C2E44446-2432-43DE-9039-93DD70DA50FE}.Release|Any CPU.Build.0 = Release|Any CPU
		{0D7916FD-88BF-42CA-85C2-B1641D07DA91}.Debug|Any CPU.ActiveCfg = Debug|Any CPU
		{0D7916FD-88BF-42CA-85C2-B1641D07DA91}.Debug|Any CPU.Build.0 = Debug|Any CPU
		{0D7916FD-88BF-42CA-85C2-B1641D07DA91}.Release|Any CPU.ActiveCfg = Release|Any CPU
		{0D7916FD-88BF-42CA-85C2-B1641D07DA91}.Release|Any CPU.Build.0 = Release|Any CPU
		{72788059-378B-4CDA-B048-02667A6A8F2B}.Debug|Any CPU.ActiveCfg = Debug|Any CPU
		{72788059-378B-4CDA-B048-02667A6A8F2B}.Debug|Any CPU.Build.0 = Debug|Any CPU
		{72788059-378B-4CDA-B048-02667A6A8F2B}.Release|Any CPU.ActiveCfg = Release|Any CPU
		{72788059-378B-4CDA-B048-02667A6A8F2B}.Release|Any CPU.Build.0 = Release|Any CPU
		{7495B30A-57A6-4D0C-8EA1-01A08FAD5745}.Debug|Any CPU.ActiveCfg = Debug|Any CPU
		{7495B30A-57A6-4D0C-8EA1-01A08FAD5745}.Debug|Any CPU.Build.0 = Debug|Any CPU
		{7495B30A-57A6-4D0C-8EA1-01A08FAD5745}.Release|Any CPU.ActiveCfg = Release|Any CPU
		{7495B30A-57A6-4D0C-8EA1-01A08FAD5745}.Release|Any CPU.Build.0 = Release|Any CPU
		{F9E85E18-E00B-41A0-A6B8-5A61ABF84CFF}.Debug|Any CPU.ActiveCfg = Debug|Any CPU
		{F9E85E18-E00B-41A0-A6B8-5A61ABF84CFF}.Debug|Any CPU.Build.0 = Debug|Any CPU
		{F9E85E18-E00B-41A0-A6B8-5A61ABF84CFF}.Release|Any CPU.ActiveCfg = Release|Any CPU
		{F9E85E18-E00B-41A0-A6B8-5A61ABF84CFF}.Release|Any CPU.Build.0 = Release|Any CPU
		{440C0B36-50F6-4EBD-A3C5-5BCC93455536}.Debug|Any CPU.ActiveCfg = Debug|Any CPU
		{440C0B36-50F6-4EBD-A3C5-5BCC93455536}.Debug|Any CPU.Build.0 = Debug|Any CPU
		{440C0B36-50F6-4EBD-A3C5-5BCC93455536}.Release|Any CPU.ActiveCfg = Release|Any CPU
		{440C0B36-50F6-4EBD-A3C5-5BCC93455536}.Release|Any CPU.Build.0 = Release|Any CPU
		{4F4BF54E-A824-4FAD-85CD-2CB1DDEF8AA8}.Debug|Any CPU.ActiveCfg = Debug|Any CPU
		{4F4BF54E-A824-4FAD-85CD-2CB1DDEF8AA8}.Debug|Any CPU.Build.0 = Debug|Any CPU
		{4F4BF54E-A824-4FAD-85CD-2CB1DDEF8AA8}.Release|Any CPU.ActiveCfg = Release|Any CPU
		{4F4BF54E-A824-4FAD-85CD-2CB1DDEF8AA8}.Release|Any CPU.Build.0 = Release|Any CPU
		{91D0B372-D681-4A2F-9F89-1F3F5478F227}.Debug|Any CPU.ActiveCfg = Debug|Any CPU
		{91D0B372-D681-4A2F-9F89-1F3F5478F227}.Debug|Any CPU.Build.0 = Debug|Any CPU
		{91D0B372-D681-4A2F-9F89-1F3F5478F227}.Release|Any CPU.ActiveCfg = Release|Any CPU
		{91D0B372-D681-4A2F-9F89-1F3F5478F227}.Release|Any CPU.Build.0 = Release|Any CPU
		{A16B6220-816E-46A5-9160-9598303A8E82}.Debug|Any CPU.ActiveCfg = Debug|Any CPU
		{A16B6220-816E-46A5-9160-9598303A8E82}.Debug|Any CPU.Build.0 = Debug|Any CPU
		{A16B6220-816E-46A5-9160-9598303A8E82}.Release|Any CPU.ActiveCfg = Release|Any CPU
		{A16B6220-816E-46A5-9160-9598303A8E82}.Release|Any CPU.Build.0 = Release|Any CPU
		{605F92BE-759E-4091-A3E8-E616EE189312}.Debug|Any CPU.ActiveCfg = Debug|Any CPU
		{605F92BE-759E-4091-A3E8-E616EE189312}.Debug|Any CPU.Build.0 = Debug|Any CPU
		{605F92BE-759E-4091-A3E8-E616EE189312}.Release|Any CPU.ActiveCfg = Release|Any CPU
		{605F92BE-759E-4091-A3E8-E616EE189312}.Release|Any CPU.Build.0 = Release|Any CPU
	EndGlobalSection
	GlobalSection(SolutionProperties) = preSolution
		HideSolutionNode = FALSE
	EndGlobalSection
	GlobalSection(ExtensibilityGlobals) = postSolution
		SolutionGuid = {053F9C45-EDA7-4DE2-97DE-3C81F1A91D50}
	EndGlobalSection
EndGlobal
