
Microsoft Visual Studio Solution File, Format Version 12.00
# Visual Studio Version 17
VisualStudioVersion = 17.4.33103.184
MinimumVisualStudioVersion = 10.0.40219.1
Project("{9A19103F-16F7-4668-BE54-9A1E7A4F7556}") = "Ornek1", "Ornek1\Ornek1.csproj", "{C7B78102-5241-4EA2-8DB0-46A16704007F}"
EndProject
Project("{9A19103F-16F7-4668-BE54-9A1E7A4F7556}") = "Ornek2", "Ornek2\Ornek2.csproj", "{C2E44446-2432-43DE-9039-93DD70DA50FE}"
EndProject
Project("{9A19103F-16F7-4668-BE54-9A1E7A4F7556}") = "Ornek3", "Ornek3\Ornek3.csproj", "{0D7916FD-88BF-42CA-85C2-B1641D07DA91}"
EndProject
Project("{9A19103F-16F7-4668-BE54-9A1E7A4F7556}") = "Ornek4", "Ornek4\Ornek4.csproj", "{72788059-378B-4CDA-B048-02667A6A8F2B}"
EndProject
Project("{9A19103F-16F7-4668-BE54-9A1E7A4F7556}") = "ObjectOrientedSample", "ObjetOrientedSample\ObjectOrientedSample.csproj", "{7495B30A-57A6-4D0C-8EA1-01A08FAD5745}"
EndProject
Project("{9A19103F-16F7-4668-BE54-9A1E7A4F7556}") = "MiniAbstract", "MiniOrnekler\MiniAbstract.csproj", "{F9E85E18-E00B-41A0-A6B8-5A61ABF84CFF}"
EndProject
Project("{9A19103F-16F7-4668-BE54-9A1E7A4F7556}") = "NumberSample", "NumberSample\NumberSample.csproj", "{440C0B36-50F6-4EBD-A3C5-5BCC93455536}"
EndProject
Project("{9A19103F-16F7-4668-BE54-9A1E7A4F7556}") = "RequiredMembers", "RequiredMembers\RequiredMembers.csproj", "{4F4BF54E-A824-4FAD-85CD-2CB1DDEF8AA8}"
EndProject
Project("{9A19103F-16F7-4668-BE54-9A1E7A4F7556}") = "InheritImplement", "InheritImplement\InheritImplement.csproj", "{91D0B372-D681-4A2F-9F89-1F3F5478F227}"
EndProject
Project("{9A19103F-16F7-4668-BE54-9A1E7A4F7556}") = "GlobalUsing", "GlobalUsing\GlobalUsing.csproj", "{A16B6220-816E-46A5-9160-9598303A8E82}"
EndProject
Project("{9A19103F-16F7-4668-BE54-9A1E7A4F7556}") = "ClassAndProperty", "ClassAndProperty\ClassAndProperty.csproj", "{605F92BE-759E-4091-A3E8-E616EE189312}"
EndProject
Project("{9A19103F-16F7-4668-BE54-9A1E7A4F7556}") = "SimplifiedOrderingWith", "SimplifiedOrderingWith\SimplifiedOrderingWith.csproj", "{0B61B7B9-9A69-4D10-B65A-F58536FB043D}"
EndProject
Project("{9A19103F-16F7-4668-BE54-9A1E7A4F7556}") = "VeriTipiSinirlari", "VeriTipiSinirlari\VeriTipiSinirlari.csproj", "{63886EB9-2631-419D-8307-E81A437273B3}"
EndProject
Project("{9A19103F-16F7-4668-BE54-9A1E7A4F7556}") = "DegiskenStackHeap", "DegiskenStackHeap\DegiskenStackHeap.csproj", "{D0DFDD79-31E6-4032-B88C-1F132E25A254}"
EndProject
Project("{9A19103F-16F7-4668-BE54-9A1E7A4F7556}") = "TryParseSample", "TryParseSample\TryParseSample.csproj", "{8D6EAE4D-2004-447A-B477-47648573EA69}"
EndProject
Project("{9A19103F-16F7-4668-BE54-9A1E7A4F7556}") = "DynamicSample", "DynamicSample\DynamicSample.csproj", "{4B9763F4-1145-4A59-8602-4FCBFAA971F0}"
EndProject
Project("{9A19103F-16F7-4668-BE54-9A1E7A4F7556}") = "MethodsParametersVoidReturn", "MethodsParametersVoidReturn\MethodsParametersVoidReturn.csproj", "{72325B17-3B21-4458-A2DE-C1825AD936A0}"
EndProject
Project("{9A19103F-16F7-4668-BE54-9A1E7A4F7556}") = "MethodsOutModifier", "MethodsOutModifier\MethodsOutModifier.csproj", "{6E0DCB5C-9710-4045-BBC1-23BCF0789AC6}"
EndProject
Project("{9A19103F-16F7-4668-BE54-9A1E7A4F7556}") = "refParameterModifier", "refParameterModifier\refParameterModifier.csproj", "{94D22C37-3CE7-410B-8FD7-60E32DCCC132}"
EndProject
Project("{9A19103F-16F7-4668-BE54-9A1E7A4F7556}") = "TupleSturct", "TupleSturct\TupleSturct.csproj", "{C5F002BC-6FDB-4B45-AF8F-82E5F4DE527F}"
EndProject
Project("{9A19103F-16F7-4668-BE54-9A1E7A4F7556}") = "StaticKeyword", "StaticKeyword\StaticKeyword.csproj", "{7F7228A2-702A-41B8-AB6F-F2A08C5CECC0}"
EndProject
Project("{9A19103F-16F7-4668-BE54-9A1E7A4F7556}") = "DateOnlySample", "DateOnlySample\DateOnlySample.csproj", "{AD04136E-C030-4BCF-8883-6C77CC342DFE}"
EndProject
Project("{9A19103F-16F7-4668-BE54-9A1E7A4F7556}") = "NumericPtr", "NumericPtr\NumericPtr.csproj", "{DAA8E5B6-18CB-4D1A-A8DD-EB770A771B5B}"
EndProject
Project("{9A19103F-16F7-4668-BE54-9A1E7A4F7556}") = "StructSample", "StructSample\StructSample.csproj", "{B213B54E-8F36-4E29-BF07-5CEDDCC81739}"
EndProject
Project("{9A19103F-16F7-4668-BE54-9A1E7A4F7556}") = "RecordSample", "RecordSample\RecordSample.csproj", "{D523A218-80AC-462D-A5BB-D0963CFE7036}"
EndProject
Project("{9A19103F-16F7-4668-BE54-9A1E7A4F7556}") = "MemberAccessOperator", "MemberAccessOperator\MemberAccessOperator.csproj", "{28B97084-2687-41D0-8F6F-FA9A553B2980}"
EndProject
Project("{9A19103F-16F7-4668-BE54-9A1E7A4F7556}") = "GenericList_T", "GenericList_T\GenericList_T.csproj", "{98F8C964-7299-4509-B7E8-6C64F49E389F}"
EndProject
Project("{9A19103F-16F7-4668-BE54-9A1E7A4F7556}") = "LibFuncitons", "LibFuncitons\LibFuncitons.csproj", "{7E12BD36-5E29-4176-914D-3454B936966B}"
EndProject
Project("{9A19103F-16F7-4668-BE54-9A1E7A4F7556}") = "NullConditionalSample", "NullConditionalSample\NullConditionalSample.csproj", "{F4179BB6-8877-4677-9574-855447ADF5F1}"
EndProject
Project("{9A19103F-16F7-4668-BE54-9A1E7A4F7556}") = "PatternMatchSpan", "PatternMatchSpan\PatternMatchSpan.csproj", "{1F0DA9CD-ADDF-460E-AF11-45206E0707B7}"
EndProject
Project("{9A19103F-16F7-4668-BE54-9A1E7A4F7556}") = "PatternMatchingEnhancements", "PatternMatchingEnhancements\PatternMatchingEnhancements.csproj", "{772128A0-EC6C-4C70-AAD6-297FAF144BB7}"
EndProject
Project("{9A19103F-16F7-4668-BE54-9A1E7A4F7556}") = "PatternCombinators", "PatternCombinators\PatternCombinators.csproj", "{B36C9653-8823-4109-A95D-3BA923A27655}"
EndProject
Project("{9A19103F-16F7-4668-BE54-9A1E7A4F7556}") = "TypeTestingOperators", "TypeTestingOperators\TypeTestingOperators.csproj", "{C3860CE9-C802-41E6-8E8B-1C286F50AA42}"
EndProject
Project("{9A19103F-16F7-4668-BE54-9A1E7A4F7556}") = "ShopRent", "ShopRent\ShopRent.csproj", "{7A748607-6165-43F2-B837-25976F1CEEF4}"
EndProject
Project("{9A19103F-16F7-4668-BE54-9A1E7A4F7556}") = "TernaryRef", "TernaryRef\TernaryRef.csproj", "{956BBE70-DB70-406C-9979-7DB29F83586D}"
EndProject
Project("{9A19103F-16F7-4668-BE54-9A1E7A4F7556}") = "GenericCollectionsSample", "GenericCollectionsSample\GenericCollectionsSample.csproj", "{6DA44AB6-1C63-4F8B-A33E-B0F73A5D133E}"
EndProject
Project("{9A19103F-16F7-4668-BE54-9A1E7A4F7556}") = "RawStringLiteral", "RawStringLiteral\RawStringLiteral.csproj", "{57599F64-ED7D-4674-9D83-A4B41F870E47}"
EndProject
Project("{9A19103F-16F7-4668-BE54-9A1E7A4F7556}") = "BlazorOrnek1", "BlazorOrnek1\BlazorOrnek1.csproj", "{94E07D80-5DD1-4C1A-B63D-82702479DAB2}"
EndProject
Project("{9A19103F-16F7-4668-BE54-9A1E7A4F7556}") = "EnumSamples", "EnumSamples\EnumSamples.csproj", "{AA79CE65-A3E5-4579-93A6-F3CFE86DCFA6}"
EndProject
Project("{9A19103F-16F7-4668-BE54-9A1E7A4F7556}") = "SwitchCase", "SwitchCase\SwitchCase.csproj", "{B60CB1E4-BE24-43D4-A30E-E08996F853A8}"
EndProject
Project("{9A19103F-16F7-4668-BE54-9A1E7A4F7556}") = "SwitchStatementCase", "SwitchStatementCase\SwitchStatementCase.csproj", "{006C4749-55BB-4629-9134-9857E5C68C6D}"
EndProject
Project("{9A19103F-16F7-4668-BE54-9A1E7A4F7556}") = "SwitchCaseWhen", "SwitchCaseWhen\SwitchCaseWhen.csproj", "{95CDB49B-4239-418F-85B5-EDFB5B21AEC7}"
EndProject
Project("{9A19103F-16F7-4668-BE54-9A1E7A4F7556}") = "Loops", "DoWhile\Loops.csproj", "{6DE215F4-532D-40F2-802F-65B4DC73AB6F}"
EndProject
Project("{9A19103F-16F7-4668-BE54-9A1E7A4F7556}") = "WhileEngAlfabe", "WhileEngAlfabe\WhileEngAlfabe.csproj", "{1A3CC0B5-3975-4A5F-B1BA-E0402A6DF06E}"
EndProject
Project("{9A19103F-16F7-4668-BE54-9A1E7A4F7556}") = "CarpimTablosu", "CarpimTablosu\CarpimTablosu.csproj", "{21BB4F6F-AFA5-44E5-AF72-AF5BE07F7D65}"
EndProject
Project("{9A19103F-16F7-4668-BE54-9A1E7A4F7556}") = "BreakContinue", "BreakContinue\BreakContinue.csproj", "{1856C102-6313-4027-97DF-5D13D2CFD415}"
EndProject
Project("{9A19103F-16F7-4668-BE54-9A1E7A4F7556}") = "returnStatement", "returnStatement\returnStatement.csproj", "{28A63DBB-2F94-4D84-82EC-8BDD90A273FE}"
EndProject
Project("{9A19103F-16F7-4668-BE54-9A1E7A4F7556}") = "HesapMakinesiTryCatchFinally", "HesapMakinesiTryCatchFinally\HesapMakinesiTryCatchFinally.csproj", "{C257B0D6-C9F2-4016-9098-55A78229ADCD}"
EndProject
Project("{9A19103F-16F7-4668-BE54-9A1E7A4F7556}") = "CheckedUnchecked", "CheckedUnchecked\CheckedUnchecked.csproj", "{3018F10A-E3DC-411E-A654-5D8FA0940673}"
EndProject
Project("{9A19103F-16F7-4668-BE54-9A1E7A4F7556}") = "RuntimeControlsAddAndInheritance", "RuntimeControlsAddAndInheritance\RuntimeControlsAddAndInheritance.csproj", "{836C1726-39BE-4F8B-A01C-F62FA9897BDA}"
EndProject
Project("{9A19103F-16F7-4668-BE54-9A1E7A4F7556}") = "NufusBilgileri", "NufusBilgileri\NufusBilgileri.csproj", "{6EE63D1F-EE5D-4CA6-8ED4-9C7F8F84EE6F}"
EndProject
Project("{9A19103F-16F7-4668-BE54-9A1E7A4F7556}") = "ControlsDialogsComponents", "ControlsDialogsComponents\ControlsDialogsComponents.csproj", "{9A6FF7B2-7895-44B4-9F46-B33FF56D4F66}"
EndProject
Project("{9A19103F-16F7-4668-BE54-9A1E7A4F7556}") = "FileWordImageMenuTabControlEtc", "FileWordImageMenuTabControlEtc\FileWordImageMenuTabControlEtc.csproj", "{50B0520C-1973-44A5-9DD6-E467DB1E4CDC}"
EndProject
Project("{9A19103F-16F7-4668-BE54-9A1E7A4F7556}") = "RangesveIndices", "RangesveIndices\RangesveIndices.csproj", "{5C4710EC-5B4D-47A0-A7E6-0BD2AAED03F5}"
EndProject
Project("{9A19103F-16F7-4668-BE54-9A1E7A4F7556}") = "DevexGrid", "DevexGrid\DevexGrid.csproj", "{CF23DFA9-FEB5-4FA3-8511-57DB9B5A63FA}"
EndProject
Project("{9A19103F-16F7-4668-BE54-9A1E7A4F7556}") = "QueryableClass", "QueryableClass\QueryableClass.csproj", "{1B5F5109-1DE8-4F41-BA9E-E0A907D5AE61}"
EndProject
Project("{9A19103F-16F7-4668-BE54-9A1E7A4F7556}") = "InitvsReadOnly", "InitvsReadOnly\InitvsReadOnly.csproj", "{23D0EDB7-BE55-44AD-8FB1-72EA26166AB9}"
EndProject
Project("{9A19103F-16F7-4668-BE54-9A1E7A4F7556}") = "LambdaExpressionImprovements", "LambdaExpressionImprovements\LambdaExpressionImprovements.csproj", "{63D5634E-20B2-4948-95BE-F0141F1738AB}"
EndProject
Project("{9A19103F-16F7-4668-BE54-9A1E7A4F7556}") = "ExtendedPropertyPatterns", "ExtendedPropertyPatterns\ExtendedPropertyPatterns.csproj", "{3D0F0DAF-0D48-4F3B-BA3E-F83A95DEE9F8}"
EndProject
Project("{FAE04EC0-301F-11D3-BF4B-00C04F79EFBC}") = "PropertyInjectionSample", "PropertyInjectionSample\PropertyInjectionSample.csproj", "{17E00545-0C6B-4154-BC4F-FDF205A593C6}"
EndProject
Global
	GlobalSection(SolutionConfigurationPlatforms) = preSolution
		Debug|Any CPU = Debug|Any CPU
		Release|Any CPU = Release|Any CPU
	EndGlobalSection
	GlobalSection(ProjectConfigurationPlatforms) = postSolution
		{C7B78102-5241-4EA2-8DB0-46A16704007F}.Debug|Any CPU.ActiveCfg = Debug|Any CPU
		{C7B78102-5241-4EA2-8DB0-46A16704007F}.Debug|Any CPU.Build.0 = Debug|Any CPU
		{C7B78102-5241-4EA2-8DB0-46A16704007F}.Release|Any CPU.ActiveCfg = Release|Any CPU
		{C7B78102-5241-4EA2-8DB0-46A16704007F}.Release|Any CPU.Build.0 = Release|Any CPU
		{C2E44446-2432-43DE-9039-93DD70DA50FE}.Debug|Any CPU.ActiveCfg = Debug|Any CPU
		{C2E44446-2432-43DE-9039-93DD70DA50FE}.Debug|Any CPU.Build.0 = Debug|Any CPU
		{C2E44446-2432-43DE-9039-93DD70DA50FE}.Release|Any CPU.ActiveCfg = Release|Any CPU
		{C2E44446-2432-43DE-9039-93DD70DA50FE}.Release|Any CPU.Build.0 = Release|Any CPU
		{0D7916FD-88BF-42CA-85C2-B1641D07DA91}.Debug|Any CPU.ActiveCfg = Debug|Any CPU
		{0D7916FD-88BF-42CA-85C2-B1641D07DA91}.Debug|Any CPU.Build.0 = Debug|Any CPU
		{0D7916FD-88BF-42CA-85C2-B1641D07DA91}.Release|Any CPU.ActiveCfg = Release|Any CPU
		{0D7916FD-88BF-42CA-85C2-B1641D07DA91}.Release|Any CPU.Build.0 = Release|Any CPU
		{72788059-378B-4CDA-B048-02667A6A8F2B}.Debug|Any CPU.ActiveCfg = Debug|Any CPU
		{72788059-378B-4CDA-B048-02667A6A8F2B}.Debug|Any CPU.Build.0 = Debug|Any CPU
		{72788059-378B-4CDA-B048-02667A6A8F2B}.Release|Any CPU.ActiveCfg = Release|Any CPU
		{72788059-378B-4CDA-B048-02667A6A8F2B}.Release|Any CPU.Build.0 = Release|Any CPU
		{7495B30A-57A6-4D0C-8EA1-01A08FAD5745}.Debug|Any CPU.ActiveCfg = Debug|Any CPU
		{7495B30A-57A6-4D0C-8EA1-01A08FAD5745}.Debug|Any CPU.Build.0 = Debug|Any CPU
		{7495B30A-57A6-4D0C-8EA1-01A08FAD5745}.Release|Any CPU.ActiveCfg = Release|Any CPU
		{7495B30A-57A6-4D0C-8EA1-01A08FAD5745}.Release|Any CPU.Build.0 = Release|Any CPU
		{F9E85E18-E00B-41A0-A6B8-5A61ABF84CFF}.Debug|Any CPU.ActiveCfg = Debug|Any CPU
		{F9E85E18-E00B-41A0-A6B8-5A61ABF84CFF}.Debug|Any CPU.Build.0 = Debug|Any CPU
		{F9E85E18-E00B-41A0-A6B8-5A61ABF84CFF}.Release|Any CPU.ActiveCfg = Release|Any CPU
		{F9E85E18-E00B-41A0-A6B8-5A61ABF84CFF}.Release|Any CPU.Build.0 = Release|Any CPU
		{440C0B36-50F6-4EBD-A3C5-5BCC93455536}.Debug|Any CPU.ActiveCfg = Debug|Any CPU
		{440C0B36-50F6-4EBD-A3C5-5BCC93455536}.Debug|Any CPU.Build.0 = Debug|Any CPU
		{440C0B36-50F6-4EBD-A3C5-5BCC93455536}.Release|Any CPU.ActiveCfg = Release|Any CPU
		{440C0B36-50F6-4EBD-A3C5-5BCC93455536}.Release|Any CPU.Build.0 = Release|Any CPU
		{4F4BF54E-A824-4FAD-85CD-2CB1DDEF8AA8}.Debug|Any CPU.ActiveCfg = Debug|Any CPU
		{4F4BF54E-A824-4FAD-85CD-2CB1DDEF8AA8}.Debug|Any CPU.Build.0 = Debug|Any CPU
		{4F4BF54E-A824-4FAD-85CD-2CB1DDEF8AA8}.Release|Any CPU.ActiveCfg = Release|Any CPU
		{4F4BF54E-A824-4FAD-85CD-2CB1DDEF8AA8}.Release|Any CPU.Build.0 = Release|Any CPU
		{91D0B372-D681-4A2F-9F89-1F3F5478F227}.Debug|Any CPU.ActiveCfg = Debug|Any CPU
		{91D0B372-D681-4A2F-9F89-1F3F5478F227}.Debug|Any CPU.Build.0 = Debug|Any CPU
		{91D0B372-D681-4A2F-9F89-1F3F5478F227}.Release|Any CPU.ActiveCfg = Release|Any CPU
		{91D0B372-D681-4A2F-9F89-1F3F5478F227}.Release|Any CPU.Build.0 = Release|Any CPU
		{A16B6220-816E-46A5-9160-9598303A8E82}.Debug|Any CPU.ActiveCfg = Debug|Any CPU
		{A16B6220-816E-46A5-9160-9598303A8E82}.Debug|Any CPU.Build.0 = Debug|Any CPU
		{A16B6220-816E-46A5-9160-9598303A8E82}.Release|Any CPU.ActiveCfg = Release|Any CPU
		{A16B6220-816E-46A5-9160-9598303A8E82}.Release|Any CPU.Build.0 = Release|Any CPU
		{605F92BE-759E-4091-A3E8-E616EE189312}.Debug|Any CPU.ActiveCfg = Debug|Any CPU
		{605F92BE-759E-4091-A3E8-E616EE189312}.Debug|Any CPU.Build.0 = Debug|Any CPU
		{605F92BE-759E-4091-A3E8-E616EE189312}.Release|Any CPU.ActiveCfg = Release|Any CPU
		{605F92BE-759E-4091-A3E8-E616EE189312}.Release|Any CPU.Build.0 = Release|Any CPU
		{0B61B7B9-9A69-4D10-B65A-F58536FB043D}.Debug|Any CPU.ActiveCfg = Debug|Any CPU
		{0B61B7B9-9A69-4D10-B65A-F58536FB043D}.Debug|Any CPU.Build.0 = Debug|Any CPU
		{0B61B7B9-9A69-4D10-B65A-F58536FB043D}.Release|Any CPU.ActiveCfg = Release|Any CPU
		{0B61B7B9-9A69-4D10-B65A-F58536FB043D}.Release|Any CPU.Build.0 = Release|Any CPU
		{63886EB9-2631-419D-8307-E81A437273B3}.Debug|Any CPU.ActiveCfg = Debug|Any CPU
		{63886EB9-2631-419D-8307-E81A437273B3}.Debug|Any CPU.Build.0 = Debug|Any CPU
		{63886EB9-2631-419D-8307-E81A437273B3}.Release|Any CPU.ActiveCfg = Release|Any CPU
		{63886EB9-2631-419D-8307-E81A437273B3}.Release|Any CPU.Build.0 = Release|Any CPU
		{D0DFDD79-31E6-4032-B88C-1F132E25A254}.Debug|Any CPU.ActiveCfg = Debug|Any CPU
		{D0DFDD79-31E6-4032-B88C-1F132E25A254}.Debug|Any CPU.Build.0 = Debug|Any CPU
		{D0DFDD79-31E6-4032-B88C-1F132E25A254}.Release|Any CPU.ActiveCfg = Release|Any CPU
		{D0DFDD79-31E6-4032-B88C-1F132E25A254}.Release|Any CPU.Build.0 = Release|Any CPU
		{8D6EAE4D-2004-447A-B477-47648573EA69}.Debug|Any CPU.ActiveCfg = Debug|Any CPU
		{8D6EAE4D-2004-447A-B477-47648573EA69}.Debug|Any CPU.Build.0 = Debug|Any CPU
		{8D6EAE4D-2004-447A-B477-47648573EA69}.Release|Any CPU.ActiveCfg = Release|Any CPU
		{8D6EAE4D-2004-447A-B477-47648573EA69}.Release|Any CPU.Build.0 = Release|Any CPU
		{4B9763F4-1145-4A59-8602-4FCBFAA971F0}.Debug|Any CPU.ActiveCfg = Debug|Any CPU
		{4B9763F4-1145-4A59-8602-4FCBFAA971F0}.Debug|Any CPU.Build.0 = Debug|Any CPU
		{4B9763F4-1145-4A59-8602-4FCBFAA971F0}.Release|Any CPU.ActiveCfg = Release|Any CPU
		{4B9763F4-1145-4A59-8602-4FCBFAA971F0}.Release|Any CPU.Build.0 = Release|Any CPU
		{72325B17-3B21-4458-A2DE-C1825AD936A0}.Debug|Any CPU.ActiveCfg = Debug|Any CPU
		{72325B17-3B21-4458-A2DE-C1825AD936A0}.Debug|Any CPU.Build.0 = Debug|Any CPU
		{72325B17-3B21-4458-A2DE-C1825AD936A0}.Release|Any CPU.ActiveCfg = Release|Any CPU
		{72325B17-3B21-4458-A2DE-C1825AD936A0}.Release|Any CPU.Build.0 = Release|Any CPU
		{6E0DCB5C-9710-4045-BBC1-23BCF0789AC6}.Debug|Any CPU.ActiveCfg = Debug|Any CPU
		{6E0DCB5C-9710-4045-BBC1-23BCF0789AC6}.Debug|Any CPU.Build.0 = Debug|Any CPU
		{6E0DCB5C-9710-4045-BBC1-23BCF0789AC6}.Release|Any CPU.ActiveCfg = Release|Any CPU
		{6E0DCB5C-9710-4045-BBC1-23BCF0789AC6}.Release|Any CPU.Build.0 = Release|Any CPU
		{94D22C37-3CE7-410B-8FD7-60E32DCCC132}.Debug|Any CPU.ActiveCfg = Debug|Any CPU
		{94D22C37-3CE7-410B-8FD7-60E32DCCC132}.Debug|Any CPU.Build.0 = Debug|Any CPU
		{94D22C37-3CE7-410B-8FD7-60E32DCCC132}.Release|Any CPU.ActiveCfg = Release|Any CPU
		{94D22C37-3CE7-410B-8FD7-60E32DCCC132}.Release|Any CPU.Build.0 = Release|Any CPU
		{C5F002BC-6FDB-4B45-AF8F-82E5F4DE527F}.Debug|Any CPU.ActiveCfg = Debug|Any CPU
		{C5F002BC-6FDB-4B45-AF8F-82E5F4DE527F}.Debug|Any CPU.Build.0 = Debug|Any CPU
		{C5F002BC-6FDB-4B45-AF8F-82E5F4DE527F}.Release|Any CPU.ActiveCfg = Release|Any CPU
		{C5F002BC-6FDB-4B45-AF8F-82E5F4DE527F}.Release|Any CPU.Build.0 = Release|Any CPU
		{7F7228A2-702A-41B8-AB6F-F2A08C5CECC0}.Debug|Any CPU.ActiveCfg = Debug|Any CPU
		{7F7228A2-702A-41B8-AB6F-F2A08C5CECC0}.Debug|Any CPU.Build.0 = Debug|Any CPU
		{7F7228A2-702A-41B8-AB6F-F2A08C5CECC0}.Release|Any CPU.ActiveCfg = Release|Any CPU
		{7F7228A2-702A-41B8-AB6F-F2A08C5CECC0}.Release|Any CPU.Build.0 = Release|Any CPU
		{AD04136E-C030-4BCF-8883-6C77CC342DFE}.Debug|Any CPU.ActiveCfg = Debug|Any CPU
		{AD04136E-C030-4BCF-8883-6C77CC342DFE}.Debug|Any CPU.Build.0 = Debug|Any CPU
		{AD04136E-C030-4BCF-8883-6C77CC342DFE}.Release|Any CPU.ActiveCfg = Release|Any CPU
		{AD04136E-C030-4BCF-8883-6C77CC342DFE}.Release|Any CPU.Build.0 = Release|Any CPU
		{DAA8E5B6-18CB-4D1A-A8DD-EB770A771B5B}.Debug|Any CPU.ActiveCfg = Debug|Any CPU
		{DAA8E5B6-18CB-4D1A-A8DD-EB770A771B5B}.Debug|Any CPU.Build.0 = Debug|Any CPU
		{DAA8E5B6-18CB-4D1A-A8DD-EB770A771B5B}.Release|Any CPU.ActiveCfg = Release|Any CPU
		{DAA8E5B6-18CB-4D1A-A8DD-EB770A771B5B}.Release|Any CPU.Build.0 = Release|Any CPU
		{B213B54E-8F36-4E29-BF07-5CEDDCC81739}.Debug|Any CPU.ActiveCfg = Debug|Any CPU
		{B213B54E-8F36-4E29-BF07-5CEDDCC81739}.Debug|Any CPU.Build.0 = Debug|Any CPU
		{B213B54E-8F36-4E29-BF07-5CEDDCC81739}.Release|Any CPU.ActiveCfg = Release|Any CPU
		{B213B54E-8F36-4E29-BF07-5CEDDCC81739}.Release|Any CPU.Build.0 = Release|Any CPU
		{D523A218-80AC-462D-A5BB-D0963CFE7036}.Debug|Any CPU.ActiveCfg = Debug|Any CPU
		{D523A218-80AC-462D-A5BB-D0963CFE7036}.Debug|Any CPU.Build.0 = Debug|Any CPU
		{D523A218-80AC-462D-A5BB-D0963CFE7036}.Release|Any CPU.ActiveCfg = Release|Any CPU
		{D523A218-80AC-462D-A5BB-D0963CFE7036}.Release|Any CPU.Build.0 = Release|Any CPU
		{28B97084-2687-41D0-8F6F-FA9A553B2980}.Debug|Any CPU.ActiveCfg = Debug|Any CPU
		{28B97084-2687-41D0-8F6F-FA9A553B2980}.Debug|Any CPU.Build.0 = Debug|Any CPU
		{28B97084-2687-41D0-8F6F-FA9A553B2980}.Release|Any CPU.ActiveCfg = Release|Any CPU
		{28B97084-2687-41D0-8F6F-FA9A553B2980}.Release|Any CPU.Build.0 = Release|Any CPU
		{98F8C964-7299-4509-B7E8-6C64F49E389F}.Debug|Any CPU.ActiveCfg = Debug|Any CPU
		{98F8C964-7299-4509-B7E8-6C64F49E389F}.Debug|Any CPU.Build.0 = Debug|Any CPU
		{98F8C964-7299-4509-B7E8-6C64F49E389F}.Release|Any CPU.ActiveCfg = Release|Any CPU
		{98F8C964-7299-4509-B7E8-6C64F49E389F}.Release|Any CPU.Build.0 = Release|Any CPU
		{7E12BD36-5E29-4176-914D-3454B936966B}.Debug|Any CPU.ActiveCfg = Debug|Any CPU
		{7E12BD36-5E29-4176-914D-3454B936966B}.Debug|Any CPU.Build.0 = Debug|Any CPU
		{7E12BD36-5E29-4176-914D-3454B936966B}.Release|Any CPU.ActiveCfg = Release|Any CPU
		{7E12BD36-5E29-4176-914D-3454B936966B}.Release|Any CPU.Build.0 = Release|Any CPU
		{F4179BB6-8877-4677-9574-855447ADF5F1}.Debug|Any CPU.ActiveCfg = Debug|Any CPU
		{F4179BB6-8877-4677-9574-855447ADF5F1}.Debug|Any CPU.Build.0 = Debug|Any CPU
		{F4179BB6-8877-4677-9574-855447ADF5F1}.Release|Any CPU.ActiveCfg = Release|Any CPU
		{F4179BB6-8877-4677-9574-855447ADF5F1}.Release|Any CPU.Build.0 = Release|Any CPU
		{1F0DA9CD-ADDF-460E-AF11-45206E0707B7}.Debug|Any CPU.ActiveCfg = Debug|Any CPU
		{1F0DA9CD-ADDF-460E-AF11-45206E0707B7}.Debug|Any CPU.Build.0 = Debug|Any CPU
		{1F0DA9CD-ADDF-460E-AF11-45206E0707B7}.Release|Any CPU.ActiveCfg = Release|Any CPU
		{1F0DA9CD-ADDF-460E-AF11-45206E0707B7}.Release|Any CPU.Build.0 = Release|Any CPU
		{772128A0-EC6C-4C70-AAD6-297FAF144BB7}.Debug|Any CPU.ActiveCfg = Debug|Any CPU
		{772128A0-EC6C-4C70-AAD6-297FAF144BB7}.Debug|Any CPU.Build.0 = Debug|Any CPU
		{772128A0-EC6C-4C70-AAD6-297FAF144BB7}.Release|Any CPU.ActiveCfg = Release|Any CPU
		{772128A0-EC6C-4C70-AAD6-297FAF144BB7}.Release|Any CPU.Build.0 = Release|Any CPU
		{B36C9653-8823-4109-A95D-3BA923A27655}.Debug|Any CPU.ActiveCfg = Debug|Any CPU
		{B36C9653-8823-4109-A95D-3BA923A27655}.Debug|Any CPU.Build.0 = Debug|Any CPU
		{B36C9653-8823-4109-A95D-3BA923A27655}.Release|Any CPU.ActiveCfg = Release|Any CPU
		{B36C9653-8823-4109-A95D-3BA923A27655}.Release|Any CPU.Build.0 = Release|Any CPU
		{C3860CE9-C802-41E6-8E8B-1C286F50AA42}.Debug|Any CPU.ActiveCfg = Debug|Any CPU
		{C3860CE9-C802-41E6-8E8B-1C286F50AA42}.Debug|Any CPU.Build.0 = Debug|Any CPU
		{C3860CE9-C802-41E6-8E8B-1C286F50AA42}.Release|Any CPU.ActiveCfg = Release|Any CPU
		{C3860CE9-C802-41E6-8E8B-1C286F50AA42}.Release|Any CPU.Build.0 = Release|Any CPU
		{7A748607-6165-43F2-B837-25976F1CEEF4}.Debug|Any CPU.ActiveCfg = Debug|Any CPU
		{7A748607-6165-43F2-B837-25976F1CEEF4}.Debug|Any CPU.Build.0 = Debug|Any CPU
		{7A748607-6165-43F2-B837-25976F1CEEF4}.Release|Any CPU.ActiveCfg = Release|Any CPU
		{7A748607-6165-43F2-B837-25976F1CEEF4}.Release|Any CPU.Build.0 = Release|Any CPU
		{956BBE70-DB70-406C-9979-7DB29F83586D}.Debug|Any CPU.ActiveCfg = Debug|Any CPU
		{956BBE70-DB70-406C-9979-7DB29F83586D}.Debug|Any CPU.Build.0 = Debug|Any CPU
		{956BBE70-DB70-406C-9979-7DB29F83586D}.Release|Any CPU.ActiveCfg = Release|Any CPU
		{956BBE70-DB70-406C-9979-7DB29F83586D}.Release|Any CPU.Build.0 = Release|Any CPU
		{6DA44AB6-1C63-4F8B-A33E-B0F73A5D133E}.Debug|Any CPU.ActiveCfg = Debug|Any CPU
		{6DA44AB6-1C63-4F8B-A33E-B0F73A5D133E}.Debug|Any CPU.Build.0 = Debug|Any CPU
		{6DA44AB6-1C63-4F8B-A33E-B0F73A5D133E}.Release|Any CPU.ActiveCfg = Release|Any CPU
		{6DA44AB6-1C63-4F8B-A33E-B0F73A5D133E}.Release|Any CPU.Build.0 = Release|Any CPU
		{57599F64-ED7D-4674-9D83-A4B41F870E47}.Debug|Any CPU.ActiveCfg = Debug|Any CPU
		{57599F64-ED7D-4674-9D83-A4B41F870E47}.Debug|Any CPU.Build.0 = Debug|Any CPU
		{57599F64-ED7D-4674-9D83-A4B41F870E47}.Release|Any CPU.ActiveCfg = Release|Any CPU
		{57599F64-ED7D-4674-9D83-A4B41F870E47}.Release|Any CPU.Build.0 = Release|Any CPU
		{94E07D80-5DD1-4C1A-B63D-82702479DAB2}.Debug|Any CPU.ActiveCfg = Debug|Any CPU
		{94E07D80-5DD1-4C1A-B63D-82702479DAB2}.Debug|Any CPU.Build.0 = Debug|Any CPU
		{94E07D80-5DD1-4C1A-B63D-82702479DAB2}.Release|Any CPU.ActiveCfg = Release|Any CPU
		{94E07D80-5DD1-4C1A-B63D-82702479DAB2}.Release|Any CPU.Build.0 = Release|Any CPU
		{AA79CE65-A3E5-4579-93A6-F3CFE86DCFA6}.Debug|Any CPU.ActiveCfg = Debug|Any CPU
		{AA79CE65-A3E5-4579-93A6-F3CFE86DCFA6}.Debug|Any CPU.Build.0 = Debug|Any CPU
		{AA79CE65-A3E5-4579-93A6-F3CFE86DCFA6}.Release|Any CPU.ActiveCfg = Release|Any CPU
		{AA79CE65-A3E5-4579-93A6-F3CFE86DCFA6}.Release|Any CPU.Build.0 = Release|Any CPU
		{B60CB1E4-BE24-43D4-A30E-E08996F853A8}.Debug|Any CPU.ActiveCfg = Debug|Any CPU
		{B60CB1E4-BE24-43D4-A30E-E08996F853A8}.Debug|Any CPU.Build.0 = Debug|Any CPU
		{B60CB1E4-BE24-43D4-A30E-E08996F853A8}.Release|Any CPU.ActiveCfg = Release|Any CPU
		{B60CB1E4-BE24-43D4-A30E-E08996F853A8}.Release|Any CPU.Build.0 = Release|Any CPU
		{006C4749-55BB-4629-9134-9857E5C68C6D}.Debug|Any CPU.ActiveCfg = Debug|Any CPU
		{006C4749-55BB-4629-9134-9857E5C68C6D}.Debug|Any CPU.Build.0 = Debug|Any CPU
		{006C4749-55BB-4629-9134-9857E5C68C6D}.Release|Any CPU.ActiveCfg = Release|Any CPU
		{006C4749-55BB-4629-9134-9857E5C68C6D}.Release|Any CPU.Build.0 = Release|Any CPU
		{95CDB49B-4239-418F-85B5-EDFB5B21AEC7}.Debug|Any CPU.ActiveCfg = Debug|Any CPU
		{95CDB49B-4239-418F-85B5-EDFB5B21AEC7}.Debug|Any CPU.Build.0 = Debug|Any CPU
		{95CDB49B-4239-418F-85B5-EDFB5B21AEC7}.Release|Any CPU.ActiveCfg = Release|Any CPU
		{95CDB49B-4239-418F-85B5-EDFB5B21AEC7}.Release|Any CPU.Build.0 = Release|Any CPU
		{6DE215F4-532D-40F2-802F-65B4DC73AB6F}.Debug|Any CPU.ActiveCfg = Debug|Any CPU
		{6DE215F4-532D-40F2-802F-65B4DC73AB6F}.Debug|Any CPU.Build.0 = Debug|Any CPU
		{6DE215F4-532D-40F2-802F-65B4DC73AB6F}.Release|Any CPU.ActiveCfg = Release|Any CPU
		{6DE215F4-532D-40F2-802F-65B4DC73AB6F}.Release|Any CPU.Build.0 = Release|Any CPU
		{1A3CC0B5-3975-4A5F-B1BA-E0402A6DF06E}.Debug|Any CPU.ActiveCfg = Debug|Any CPU
		{1A3CC0B5-3975-4A5F-B1BA-E0402A6DF06E}.Debug|Any CPU.Build.0 = Debug|Any CPU
		{1A3CC0B5-3975-4A5F-B1BA-E0402A6DF06E}.Release|Any CPU.ActiveCfg = Release|Any CPU
		{1A3CC0B5-3975-4A5F-B1BA-E0402A6DF06E}.Release|Any CPU.Build.0 = Release|Any CPU
		{21BB4F6F-AFA5-44E5-AF72-AF5BE07F7D65}.Debug|Any CPU.ActiveCfg = Debug|Any CPU
		{21BB4F6F-AFA5-44E5-AF72-AF5BE07F7D65}.Debug|Any CPU.Build.0 = Debug|Any CPU
		{21BB4F6F-AFA5-44E5-AF72-AF5BE07F7D65}.Release|Any CPU.ActiveCfg = Release|Any CPU
		{21BB4F6F-AFA5-44E5-AF72-AF5BE07F7D65}.Release|Any CPU.Build.0 = Release|Any CPU
		{1856C102-6313-4027-97DF-5D13D2CFD415}.Debug|Any CPU.ActiveCfg = Debug|Any CPU
		{1856C102-6313-4027-97DF-5D13D2CFD415}.Debug|Any CPU.Build.0 = Debug|Any CPU
		{1856C102-6313-4027-97DF-5D13D2CFD415}.Release|Any CPU.ActiveCfg = Release|Any CPU
		{1856C102-6313-4027-97DF-5D13D2CFD415}.Release|Any CPU.Build.0 = Release|Any CPU
		{28A63DBB-2F94-4D84-82EC-8BDD90A273FE}.Debug|Any CPU.ActiveCfg = Debug|Any CPU
		{28A63DBB-2F94-4D84-82EC-8BDD90A273FE}.Debug|Any CPU.Build.0 = Debug|Any CPU
		{28A63DBB-2F94-4D84-82EC-8BDD90A273FE}.Release|Any CPU.ActiveCfg = Release|Any CPU
		{28A63DBB-2F94-4D84-82EC-8BDD90A273FE}.Release|Any CPU.Build.0 = Release|Any CPU
		{C257B0D6-C9F2-4016-9098-55A78229ADCD}.Debug|Any CPU.ActiveCfg = Debug|Any CPU
		{C257B0D6-C9F2-4016-9098-55A78229ADCD}.Debug|Any CPU.Build.0 = Debug|Any CPU
		{C257B0D6-C9F2-4016-9098-55A78229ADCD}.Release|Any CPU.ActiveCfg = Release|Any CPU
		{C257B0D6-C9F2-4016-9098-55A78229ADCD}.Release|Any CPU.Build.0 = Release|Any CPU
		{3018F10A-E3DC-411E-A654-5D8FA0940673}.Debug|Any CPU.ActiveCfg = Debug|Any CPU
		{3018F10A-E3DC-411E-A654-5D8FA0940673}.Debug|Any CPU.Build.0 = Debug|Any CPU
		{3018F10A-E3DC-411E-A654-5D8FA0940673}.Release|Any CPU.ActiveCfg = Release|Any CPU
		{3018F10A-E3DC-411E-A654-5D8FA0940673}.Release|Any CPU.Build.0 = Release|Any CPU
		{836C1726-39BE-4F8B-A01C-F62FA9897BDA}.Debug|Any CPU.ActiveCfg = Debug|Any CPU
		{836C1726-39BE-4F8B-A01C-F62FA9897BDA}.Debug|Any CPU.Build.0 = Debug|Any CPU
		{836C1726-39BE-4F8B-A01C-F62FA9897BDA}.Release|Any CPU.ActiveCfg = Release|Any CPU
		{836C1726-39BE-4F8B-A01C-F62FA9897BDA}.Release|Any CPU.Build.0 = Release|Any CPU
		{6EE63D1F-EE5D-4CA6-8ED4-9C7F8F84EE6F}.Debug|Any CPU.ActiveCfg = Debug|Any CPU
		{6EE63D1F-EE5D-4CA6-8ED4-9C7F8F84EE6F}.Debug|Any CPU.Build.0 = Debug|Any CPU
		{6EE63D1F-EE5D-4CA6-8ED4-9C7F8F84EE6F}.Release|Any CPU.ActiveCfg = Release|Any CPU
		{6EE63D1F-EE5D-4CA6-8ED4-9C7F8F84EE6F}.Release|Any CPU.Build.0 = Release|Any CPU
		{9A6FF7B2-7895-44B4-9F46-B33FF56D4F66}.Debug|Any CPU.ActiveCfg = Debug|Any CPU
		{9A6FF7B2-7895-44B4-9F46-B33FF56D4F66}.Debug|Any CPU.Build.0 = Debug|Any CPU
		{9A6FF7B2-7895-44B4-9F46-B33FF56D4F66}.Release|Any CPU.ActiveCfg = Release|Any CPU
		{9A6FF7B2-7895-44B4-9F46-B33FF56D4F66}.Release|Any CPU.Build.0 = Release|Any CPU
		{50B0520C-1973-44A5-9DD6-E467DB1E4CDC}.Debug|Any CPU.ActiveCfg = Debug|Any CPU
		{50B0520C-1973-44A5-9DD6-E467DB1E4CDC}.Debug|Any CPU.Build.0 = Debug|Any CPU
		{50B0520C-1973-44A5-9DD6-E467DB1E4CDC}.Release|Any CPU.ActiveCfg = Release|Any CPU
		{50B0520C-1973-44A5-9DD6-E467DB1E4CDC}.Release|Any CPU.Build.0 = Release|Any CPU
		{5C4710EC-5B4D-47A0-A7E6-0BD2AAED03F5}.Debug|Any CPU.ActiveCfg = Debug|Any CPU
		{5C4710EC-5B4D-47A0-A7E6-0BD2AAED03F5}.Debug|Any CPU.Build.0 = Debug|Any CPU
		{5C4710EC-5B4D-47A0-A7E6-0BD2AAED03F5}.Release|Any CPU.ActiveCfg = Release|Any CPU
		{5C4710EC-5B4D-47A0-A7E6-0BD2AAED03F5}.Release|Any CPU.Build.0 = Release|Any CPU
		{CF23DFA9-FEB5-4FA3-8511-57DB9B5A63FA}.Debug|Any CPU.ActiveCfg = Debug|Any CPU
		{CF23DFA9-FEB5-4FA3-8511-57DB9B5A63FA}.Debug|Any CPU.Build.0 = Debug|Any CPU
		{CF23DFA9-FEB5-4FA3-8511-57DB9B5A63FA}.Release|Any CPU.ActiveCfg = Release|Any CPU
		{CF23DFA9-FEB5-4FA3-8511-57DB9B5A63FA}.Release|Any CPU.Build.0 = Release|Any CPU
		{1B5F5109-1DE8-4F41-BA9E-E0A907D5AE61}.Debug|Any CPU.ActiveCfg = Debug|Any CPU
		{1B5F5109-1DE8-4F41-BA9E-E0A907D5AE61}.Debug|Any CPU.Build.0 = Debug|Any CPU
		{1B5F5109-1DE8-4F41-BA9E-E0A907D5AE61}.Release|Any CPU.ActiveCfg = Release|Any CPU
		{1B5F5109-1DE8-4F41-BA9E-E0A907D5AE61}.Release|Any CPU.Build.0 = Release|Any CPU
		{23D0EDB7-BE55-44AD-8FB1-72EA26166AB9}.Debug|Any CPU.ActiveCfg = Debug|Any CPU
		{23D0EDB7-BE55-44AD-8FB1-72EA26166AB9}.Debug|Any CPU.Build.0 = Debug|Any CPU
		{23D0EDB7-BE55-44AD-8FB1-72EA26166AB9}.Release|Any CPU.ActiveCfg = Release|Any CPU
		{23D0EDB7-BE55-44AD-8FB1-72EA26166AB9}.Release|Any CPU.Build.0 = Release|Any CPU
		{63D5634E-20B2-4948-95BE-F0141F1738AB}.Debug|Any CPU.ActiveCfg = Debug|Any CPU
		{63D5634E-20B2-4948-95BE-F0141F1738AB}.Debug|Any CPU.Build.0 = Debug|Any CPU
		{63D5634E-20B2-4948-95BE-F0141F1738AB}.Release|Any CPU.ActiveCfg = Release|Any CPU
		{63D5634E-20B2-4948-95BE-F0141F1738AB}.Release|Any CPU.Build.0 = Release|Any CPU
		{3D0F0DAF-0D48-4F3B-BA3E-F83A95DEE9F8}.Debug|Any CPU.ActiveCfg = Debug|Any CPU
		{3D0F0DAF-0D48-4F3B-BA3E-F83A95DEE9F8}.Debug|Any CPU.Build.0 = Debug|Any CPU
		{3D0F0DAF-0D48-4F3B-BA3E-F83A95DEE9F8}.Release|Any CPU.ActiveCfg = Release|Any CPU
		{3D0F0DAF-0D48-4F3B-BA3E-F83A95DEE9F8}.Release|Any CPU.Build.0 = Release|Any CPU
		{17E00545-0C6B-4154-BC4F-FDF205A593C6}.Debug|Any CPU.ActiveCfg = Debug|Any CPU
		{17E00545-0C6B-4154-BC4F-FDF205A593C6}.Debug|Any CPU.Build.0 = Debug|Any CPU
		{17E00545-0C6B-4154-BC4F-FDF205A593C6}.Release|Any CPU.ActiveCfg = Release|Any CPU
		{17E00545-0C6B-4154-BC4F-FDF205A593C6}.Release|Any CPU.Build.0 = Release|Any CPU
	EndGlobalSection
	GlobalSection(SolutionProperties) = preSolution
		HideSolutionNode = FALSE
	EndGlobalSection
	GlobalSection(ExtensibilityGlobals) = postSolution
		SolutionGuid = {053F9C45-EDA7-4DE2-97DE-3C81F1A91D50}
	EndGlobalSection
EndGlobal
